
Microsoft Visual Studio Solution File, Format Version 12.00
# Visual Studio Version 16
VisualStudioVersion = 16.0.31702.278
MinimumVisualStudioVersion = 10.0.40219.1
Project("{9A19103F-16F7-4668-BE54-9A1E7A4F7556}") = "DansingProgressBars", "DansingProgressBars\DansingProgressBars.csproj", "{8B761F3D-36FC-4402-B5EA-772C64BF5F81}"
EndProject
Project("{9A19103F-16F7-4668-BE54-9A1E7A4F7556}") = "HortheRace", "HortheRace\HortheRace.csproj", "{FA4A7997-815F-4AB4-A3E9-0516C29D1516}"
EndProject
Project("{FAE04EC0-301F-11D3-BF4B-00C04F79EFBC}") = "Fibonacci", "Fibonacci\Fibonacci.csproj", "{61304113-9749-4028-B0F3-6C72753C51ED}"
EndProject
Global
	GlobalSection(SolutionConfigurationPlatforms) = preSolution
		Debug|Any CPU = Debug|Any CPU
		Release|Any CPU = Release|Any CPU
	EndGlobalSection
	GlobalSection(ProjectConfigurationPlatforms) = postSolution
		{8B761F3D-36FC-4402-B5EA-772C64BF5F81}.Debug|Any CPU.ActiveCfg = Debug|Any CPU
		{8B761F3D-36FC-4402-B5EA-772C64BF5F81}.Debug|Any CPU.Build.0 = Debug|Any CPU
		{8B761F3D-36FC-4402-B5EA-772C64BF5F81}.Release|Any CPU.ActiveCfg = Release|Any CPU
		{8B761F3D-36FC-4402-B5EA-772C64BF5F81}.Release|Any CPU.Build.0 = Release|Any CPU
		{FA4A7997-815F-4AB4-A3E9-0516C29D1516}.Debug|Any CPU.ActiveCfg = Debug|Any CPU
		{FA4A7997-815F-4AB4-A3E9-0516C29D1516}.Debug|Any CPU.Build.0 = Debug|Any CPU
		{FA4A7997-815F-4AB4-A3E9-0516C29D1516}.Release|Any CPU.ActiveCfg = Release|Any CPU
		{FA4A7997-815F-4AB4-A3E9-0516C29D1516}.Release|Any CPU.Build.0 = Release|Any CPU
		{61304113-9749-4028-B0F3-6C72753C51ED}.Debug|Any CPU.ActiveCfg = Debug|Any CPU
		{61304113-9749-4028-B0F3-6C72753C51ED}.Debug|Any CPU.Build.0 = Debug|Any CPU
		{61304113-9749-4028-B0F3-6C72753C51ED}.Release|Any CPU.ActiveCfg = Release|Any CPU
		{61304113-9749-4028-B0F3-6C72753C51ED}.Release|Any CPU.Build.0 = Release|Any CPU
	EndGlobalSection
	GlobalSection(SolutionProperties) = preSolution
		HideSolutionNode = FALSE
	EndGlobalSection
	GlobalSection(ExtensibilityGlobals) = postSolution
		SolutionGuid = {3E62EA85-5D12-4620-BEC1-C14D3C4C1781}
	EndGlobalSection
EndGlobal
